
Microsoft Visual Studio Solution File, Format Version 12.00
# Visual Studio Version 17
VisualStudioVersion = 17.4.33205.214
MinimumVisualStudioVersion = 10.0.40219.1
Project("{FAE04EC0-301F-11D3-BF4B-00C04F79EFBC}") = "TechnicalDept1-TEST", "TechnicalDept1-TEST\TechnicalDept1-TEST.csproj", "{8EDF988D-24D4-4056-9B39-2CE5AEA512AA}"
EndProject
Global
	GlobalSection(SolutionConfigurationPlatforms) = preSolution
		Debug|Any CPU = Debug|Any CPU
		Release|Any CPU = Release|Any CPU
	EndGlobalSection
	GlobalSection(ProjectConfigurationPlatforms) = postSolution
		{8EDF988D-24D4-4056-9B39-2CE5AEA512AA}.Debug|Any CPU.ActiveCfg = Debug|Any CPU
		{8EDF988D-24D4-4056-9B39-2CE5AEA512AA}.Debug|Any CPU.Build.0 = Debug|Any CPU
		{8EDF988D-24D4-4056-9B39-2CE5AEA512AA}.Release|Any CPU.ActiveCfg = Release|Any CPU
		{8EDF988D-24D4-4056-9B39-2CE5AEA512AA}.Release|Any CPU.Build.0 = Release|Any CPU
	EndGlobalSection
	GlobalSection(SolutionProperties) = preSolution
		HideSolutionNode = FALSE
	EndGlobalSection
	GlobalSection(ExtensibilityGlobals) = postSolution
		SolutionGuid = {48D7DE14-2D5B-465E-8EF8-E90255F4EE70}
	EndGlobalSection
EndGlobal
